
Microsoft Visual Studio Solution File, Format Version 11.00
# Visual C++ Express 2010
Project("{8BC9CEB8-8B4A-11D0-8D11-00A0C91BC942}") = "match_making", "match_making.vcxproj", "{FE167FCD-10AF-4018-A4B4-84F6A5A31875}"
EndProject
Global
	GlobalSection(SolutionConfigurationPlatforms) = preSolution
		Debug|Win32 = Debug|Win32
		Release|Win32 = Release|Win32
	EndGlobalSection
	GlobalSection(ProjectConfigurationPlatforms) = postSolution
		{FE167FCD-10AF-4018-A4B4-84F6A5A31875}.Debug|Win32.ActiveCfg = Debug|Win32
		{FE167FCD-10AF-4018-A4B4-84F6A5A31875}.Debug|Win32.Build.0 = Debug|Win32
		{FE167FCD-10AF-4018-A4B4-84F6A5A31875}.Release|Win32.ActiveCfg = Release|Win32
		{FE167FCD-10AF-4018-A4B4-84F6A5A31875}.Release|Win32.Build.0 = Release|Win32
	EndGlobalSection
	GlobalSection(SolutionProperties) = preSolution
		HideSolutionNode = FALSE
	EndGlobalSection
EndGlobal
